github.com/ijt/go-anytime v1.9.2 h1:DmYgVwUiFPNR+n6c1T5P070tlGATRZG4aYNJs6XDUfU=
github.com/ijt/go-anytime v1.9.2/go.mod h1:egBT6FhVjNlXNHUN2wTPi6ILCNKXeeXFy04pWJjw/LI=
github.com/ijt/goparsify v0.0.0-20221203142333-3a5276334b8d h1:LFOmpWrSbtolg0YqYC9hQjj5WSLtRGb6aZ3JAugLfgg=
github.com/ijt/goparsify v0.0.0-20221203142333-3a5276334b8d/go.mod h1:112TOyA+aruNSUBlyBWlKBdLVYTdhjiO2CKD0j/URSU=
